PODS:
  - FlexLayout (0.0.1):
    - YogaKit (~> 1.6)
  - PinLayout (1.1.5)
  - Reveal-SDK (9)
  - SwiftLint (0.20.1)
  - Yoga (1.6.0)
  - YogaKit (1.6.0):
    - Yoga (~> 1.6)

DEPENDENCIES:
  - FlexLayout (from `../`)
  - PinLayout
  - Reveal-SDK
  - SwiftLint

EXTERNAL SOURCES:
  FlexLayout:
    :path: "../"

SPEC CHECKSUMS:
  FlexLayout: 530d7317fd299ffdf8bd03e3e8b7d83bea7bbb67
  PinLayout: da73d40f94029cd56a882af4390594c7af66a2af
  Reveal-SDK: d977a1ec41e7c076025c1005da6e6d7c1b8ed254
  SwiftLint: f60095dc173a3f3ec505bb34f5229c3dfd779a54
  Yoga: 81670877477311136b1b3f69a6307ce62e1c89cf
  YogaKit: 8fe0ddd21673226c0b6077fc3ad5c8fa6cda722e

PODFILE CHECKSUM: 59d4f57dc25b326a73bc19b2f550383f454ba3ff

COCOAPODS: 1.2.1
