PODS:
  - FlexLayoutTest (0.0.4):
    - YogaKit (~> 1.5)
  - PinLayout (1.1.4)
  - Reveal-SDK (9)
  - SwiftLint (0.20.1)
  - Yoga (1.5.0)
  - YogaKit (1.5.0):
    - Yoga (~> 1.5)

DEPENDENCIES:
  - FlexLayoutTest (from `../`)
  - PinLayout
  - Reveal-SDK
  - SwiftLint

EXTERNAL SOURCES:
  FlexLayoutTest:
    :path: "../"

SPEC CHECKSUMS:
  FlexLayoutTest: ab88d83aaff409b092318af051f491d0b35ddd26
  PinLayout: 35ee47b46f7a5b37100bb80661b3175c422c9853
  Reveal-SDK: d977a1ec41e7c076025c1005da6e6d7c1b8ed254
  SwiftLint: f60095dc173a3f3ec505bb34f5229c3dfd779a54
  Yoga: 6c3e934140e85babb68d17f85e1363d7d3b023c6
  YogaKit: 82b233e3fd683a7db777cc1f9b8de50b18417a80

PODFILE CHECKSUM: ae330ac7f82c5eceb977ae0c7271776dd3b7a8d2

COCOAPODS: 1.2.1
