{
  "object": {
    "pins": [
      {
        "package": "yoga",
        "repositoryURL": "https://github.com/facebook/yoga.git",
        "state": {
          "branch": null,
          "revision": "69b8934429702bd3ab06e8d6f709112a761b474b",
          "version": "3.1.0"
        }
      }
    ]
  },
  "version": 1
}
