{
  "object": {
    "pins": [
      {
        "package": "yoga",
        "repositoryURL": "https://github.com/facebook/yoga.git",
        "state": {
          "branch": null,
          "revision": "042f5013152eb81c1552dec945b88f7b95ca350f",
          "version": "3.2.1"
        }
      }
    ]
  },
  "version": 1
}
