{
  "object": {
    "pins": [
      {
        "package": "yoga",
        "repositoryURL": "https://github.com/facebook/yoga.git",
        "state": {
          "branch": null,
          "revision": "f55265f5182ca433211f536b2f466587899bc443",
          "version": "3.2.0"
        }
      }
    ]
  },
  "version": 1
}
