PODS:
  - FlexLayout (1.3.1)
  - Nimble (7.0.3)
  - PinLayout (1.5.9)
  - Quick (1.2.0)
  - Reveal-SDK (10)
  - SwiftLint (0.25.0)

DEPENDENCIES:
  - FlexLayout (from `./`)
  - Nimble
  - PinLayout
  - Quick
  - Reveal-SDK (~> 10)
  - SwiftLint

EXTERNAL SOURCES:
  FlexLayout:
    :path: ./

SPEC CHECKSUMS:
  FlexLayout: 168842acc6c674a2324cbd09b09abe580381696f
  Nimble: 7f5a9c447a33002645a071bddafbfb24ea70e0ac
  PinLayout: b2ebf8622b28e82b6e1216ab4e4a0a8d082214fe
  Quick: 58d203b1c5e27fff7229c4c1ae445ad7069a7a08
  Reveal-SDK: 7869ddf1f902cabbb07a1f0dd06bd25861a126f7
  SwiftLint: e14651157288e9e01d6e1a71db7014fb5744a8ea

PODFILE CHECKSUM: 17e434c5ea0e4a80a0221e86e99c1962e47f6a3d

COCOAPODS: 1.3.1
