PODS:
  - FlexLayout (2.0.02)
  - PinLayout (1.10.4)
  - SwiftLint (0.53.0)

DEPENDENCIES:
  - FlexLayout (from `./`)
  - PinLayout
  - SwiftLint

SPEC REPOS:
  trunk:
    - PinLayout
    - SwiftLint

EXTERNAL SOURCES:
  FlexLayout:
    :path: "./"

SPEC CHECKSUMS:
  FlexLayout: bd1d1738d67a455205e14c42492fe5450e3c1554
  PinLayout: f8a677ce0cd1cfe96b58435d029b4ceb4ce9c04c
  SwiftLint: 5ce4d6a8ff83f1b5fd5ad5dbf30965d35af65e44

PODFILE CHECKSUM: a6cf185e30e28e92d335118da8b7cfcbe601ea01

COCOAPODS: 1.13.0
