// !$*UTF8*$!
{
	archiveVersion = 1;
	classes = {
	};
	objectVersion = 46;
	objects = {

/* Begin PBXBuildFile section */
		2245F067A40DB6A13F97F202 /* Pods_FlexLayoutSample.framework in Frameworks */ = {isa = PBXBuildFile; fileRef = 82FCE524E22C2FF5BC4DFBAB /* Pods_FlexLayoutSample.framework */; };
		24875E611F1F929600BB1C09 /* YogaExampleCView.swift in Sources */ = {isa = PBXBuildFile; fileRef = 24875E601F1F929600BB1C09 /* YogaExampleCView.swift */; };
		24875E631F1F92A100BB1C09 /* YogaExampleCViewController.swift in Sources */ = {isa = PBXBuildFile; fileRef = 24875E621F1F92A100BB1C09 /* YogaExampleCViewController.swift */; };
		24875E661F1F92B500BB1C09 /* YogaExampleDView.swift in Sources */ = {isa = PBXBuildFile; fileRef = 24875E641F1F92B500BB1C09 /* YogaExampleDView.swift */; };
		24875E671F1F92B500BB1C09 /* YogaExampleDViewController.swift in Sources */ = {isa = PBXBuildFile; fileRef = 24875E651F1F92B500BB1C09 /* YogaExampleDViewController.swift */; };
		24875E6A1F1F92C000BB1C09 /* YogaExampleEView.swift in Sources */ = {isa = PBXBuildFile; fileRef = 24875E681F1F92C000BB1C09 /* YogaExampleEView.swift */; };
		24875E6B1F1F92C000BB1C09 /* YogaExampleEViewController.swift in Sources */ = {isa = PBXBuildFile; fileRef = 24875E691F1F92C000BB1C09 /* YogaExampleEViewController.swift */; };
		24875E701F1F92CD00BB1C09 /* FlexboxViewController.swift in Sources */ = {isa = PBXBuildFile; fileRef = 24875E6D1F1F92CD00BB1C09 /* FlexboxViewController.swift */; };
		24875E711F1F92CD00BB1C09 /* MyTestView.swift in Sources */ = {isa = PBXBuildFile; fileRef = 24875E6E1F1F92CD00BB1C09 /* MyTestView.swift */; };
		24B14C5B1F278CCE00C90490 /* IntroView.swift in Sources */ = {isa = PBXBuildFile; fileRef = 24B14C591F278CCE00C90490 /* IntroView.swift */; };
		24B14C5C1F278CCE00C90490 /* IntroViewController.swift in Sources */ = {isa = PBXBuildFile; fileRef = 24B14C5A1F278CCE00C90490 /* IntroViewController.swift */; };
		DF0E852B1F1F749C00AB1956 /* YogaExampleBView.swift in Sources */ = {isa = PBXBuildFile; fileRef = DF0E85291F1F749C00AB1956 /* YogaExampleBView.swift */; };
		DF0E852C1F1F749C00AB1956 /* YogaExampleBViewController.swift in Sources */ = {isa = PBXBuildFile; fileRef = DF0E852A1F1F749C00AB1956 /* YogaExampleBViewController.swift */; };
		DF1F2A081F17D11700BA1B97 /* BaseFormView.swift in Sources */ = {isa = PBXBuildFile; fileRef = 24DA374A1EF7F90600D1AB2F /* BaseFormView.swift */; };
		DF1F2A091F17D11700BA1B97 /* MenuView.swift in Sources */ = {isa = PBXBuildFile; fileRef = 2439CC331E665BF6003326FB /* MenuView.swift */; };
		DF1F2A0A1F17D11700BA1B97 /* BaseViewController.swift in Sources */ = {isa = PBXBuildFile; fileRef = 2493268B1EEEEFF100BCB814 /* BaseViewController.swift */; };
		DF1F2A0C1F17D11700BA1B97 /* BasicView.swift in Sources */ = {isa = PBXBuildFile; fileRef = 2439CC381E665C6B003326FB /* BasicView.swift */; };
		DF1F2A0E1F17D11700BA1B97 /* AppDelegate.swift in Sources */ = {isa = PBXBuildFile; fileRef = 249EFE421E64FAFE00165E39 /* AppDelegate.swift */; };
		DF1F2A0F1F17D11700BA1B97 /* MenuViewController.swift in Sources */ = {isa = PBXBuildFile; fileRef = 2439CC341E665BF6003326FB /* MenuViewController.swift */; };
		DF1F2A101F17D11700BA1B97 /* Expect.swift in Sources */ = {isa = PBXBuildFile; fileRef = 24E654811E69041B00A72A8B /* Expect.swift */; };
		DF1F2A111F17D11700BA1B97 /* Stylesheet.swift in Sources */ = {isa = PBXBuildFile; fileRef = 249326881EEEEE3D00BCB814 /* Stylesheet.swift */; };
		DF1F2A131F17D11700BA1B97 /* BaseView.swift in Sources */ = {isa = PBXBuildFile; fileRef = 2493268D1EEEF02700BCB814 /* BaseView.swift */; };
		DF1F2A191F17D11700BA1B97 /* LaunchScreen.storyboard in Resources */ = {isa = PBXBuildFile; fileRef = 249EFE4B1E64FAFE00165E39 /* LaunchScreen.storyboard */; };
		DF1F2A1A1F17D11700BA1B97 /* Assets.xcassets in Resources */ = {isa = PBXBuildFile; fileRef = 249EFE491E64FAFE00165E39 /* Assets.xcassets */; };
		DF91747F1F1F6F9A0034632D /* YogaExampleAView.swift in Sources */ = {isa = PBXBuildFile; fileRef = DF91747D1F1F6F9A0034632D /* YogaExampleAView.swift */; };
		DF9174801F1F6F9A0034632D /* YogaExampleAViewController.swift in Sources */ = {isa = PBXBuildFile; fileRef = DF91747E1F1F6F9A0034632D /* YogaExampleAViewController.swift */; };
/* End PBXBuildFile section */

/* Begin PBXCopyFilesBuildPhase section */
		DF1F2A1B1F17D11700BA1B97 /* Embed Frameworks */ = {
			isa = PBXCopyFilesBuildPhase;
			buildActionMask = 2147483647;
			dstPath = "";
			dstSubfolderSpec = 10;
			files = (
			);
			name = "Embed Frameworks";
			runOnlyForDeploymentPostprocessing = 0;
		};
/* End PBXCopyFilesBuildPhase section */

/* Begin PBXFileReference section */
		0D0595B5E0950936D037ECF2 /* Pods-FlexLayoutSample.release.xcconfig */ = {isa = PBXFileReference; includeInIndex = 1; lastKnownFileType = text.xcconfig; name = "Pods-FlexLayoutSample.release.xcconfig"; path = "../Pods/Target Support Files/Pods-FlexLayoutSample/Pods-FlexLayoutSample.release.xcconfig"; sourceTree = "<group>"; };
		2439CC331E665BF6003326FB /* MenuView.swift */ = {isa = PBXFileReference; fileEncoding = 4; lastKnownFileType = sourcecode.swift; path = MenuView.swift; sourceTree = "<group>"; };
		2439CC341E665BF6003326FB /* MenuViewController.swift */ = {isa = PBXFileReference; fileEncoding = 4; lastKnownFileType = sourcecode.swift; path = MenuViewController.swift; sourceTree = "<group>"; };
		2439CC381E665C6B003326FB /* BasicView.swift */ = {isa = PBXFileReference; fileEncoding = 4; lastKnownFileType = sourcecode.swift; path = BasicView.swift; sourceTree = "<group>"; };
		24875E601F1F929600BB1C09 /* YogaExampleCView.swift */ = {isa = PBXFileReference; fileEncoding = 4; lastKnownFileType = sourcecode.swift; name = YogaExampleCView.swift; path = FlexLayoutSample/UI/Examples/YogaExampleC/YogaExampleCView.swift; sourceTree = SOURCE_ROOT; };
		24875E621F1F92A100BB1C09 /* YogaExampleCViewController.swift */ = {isa = PBXFileReference; fileEncoding = 4; lastKnownFileType = sourcecode.swift; name = YogaExampleCViewController.swift; path = FlexLayoutSample/UI/Examples/YogaExampleC/YogaExampleCViewController.swift; sourceTree = SOURCE_ROOT; };
		24875E641F1F92B500BB1C09 /* YogaExampleDView.swift */ = {isa = PBXFileReference; fileEncoding = 4; lastKnownFileType = sourcecode.swift; name = YogaExampleDView.swift; path = FlexLayoutSample/UI/Examples/YogaExampleD/YogaExampleDView.swift; sourceTree = SOURCE_ROOT; };
		24875E651F1F92B500BB1C09 /* YogaExampleDViewController.swift */ = {isa = PBXFileReference; fileEncoding = 4; lastKnownFileType = sourcecode.swift; name = YogaExampleDViewController.swift; path = FlexLayoutSample/UI/Examples/YogaExampleD/YogaExampleDViewController.swift; sourceTree = SOURCE_ROOT; };
		24875E681F1F92C000BB1C09 /* YogaExampleEView.swift */ = {isa = PBXFileReference; fileEncoding = 4; lastKnownFileType = sourcecode.swift; name = YogaExampleEView.swift; path = FlexLayoutSample/UI/Examples/YogaExampleE/YogaExampleEView.swift; sourceTree = SOURCE_ROOT; };
		24875E691F1F92C000BB1C09 /* YogaExampleEViewController.swift */ = {isa = PBXFileReference; fileEncoding = 4; lastKnownFileType = sourcecode.swift; name = YogaExampleEViewController.swift; path = FlexLayoutSample/UI/Examples/YogaExampleE/YogaExampleEViewController.swift; sourceTree = SOURCE_ROOT; };
		24875E6D1F1F92CD00BB1C09 /* FlexboxViewController.swift */ = {isa = PBXFileReference; fileEncoding = 4; lastKnownFileType = sourcecode.swift; name = FlexboxViewController.swift; path = FlexLayoutSample/UI/Examples/Flexbox/FlexboxViewController.swift; sourceTree = SOURCE_ROOT; };
		24875E6E1F1F92CD00BB1C09 /* MyTestView.swift */ = {isa = PBXFileReference; fileEncoding = 4; lastKnownFileType = sourcecode.swift; name = MyTestView.swift; path = FlexLayoutSample/UI/Examples/Flexbox/MyTestView.swift; sourceTree = SOURCE_ROOT; };
		249326881EEEEE3D00BCB814 /* Stylesheet.swift */ = {isa = PBXFileReference; fileEncoding = 4; lastKnownFileType = sourcecode.swift; path = Stylesheet.swift; sourceTree = "<group>"; };
		2493268B1EEEEFF100BCB814 /* BaseViewController.swift */ = {isa = PBXFileReference; fileEncoding = 4; lastKnownFileType = sourcecode.swift; path = BaseViewController.swift; sourceTree = "<group>"; };
		2493268D1EEEF02700BCB814 /* BaseView.swift */ = {isa = PBXFileReference; fileEncoding = 4; lastKnownFileType = sourcecode.swift; path = BaseView.swift; sourceTree = "<group>"; };
		249EFE421E64FAFE00165E39 /* AppDelegate.swift */ = {isa = PBXFileReference; lastKnownFileType = sourcecode.swift; path = AppDelegate.swift; sourceTree = "<group>"; };
		249EFE491E64FAFE00165E39 /* Assets.xcassets */ = {isa = PBXFileReference; lastKnownFileType = folder.assetcatalog; path = Assets.xcassets; sourceTree = "<group>"; };
		249EFE4C1E64FAFE00165E39 /* Base */ = {isa = PBXFileReference; lastKnownFileType = file.storyboard; name = Base; path = Base.lproj/LaunchScreen.storyboard; sourceTree = "<group>"; };
		249EFE4E1E64FAFE00165E39 /* Info.plist */ = {isa = PBXFileReference; lastKnownFileType = text.plist.xml; path = Info.plist; sourceTree = "<group>"; };
		24B14C591F278CCE00C90490 /* IntroView.swift */ = {isa = PBXFileReference; fileEncoding = 4; lastKnownFileType = sourcecode.swift; name = IntroView.swift; path = FlexLayoutSample/UI/Examples/Intro/IntroView.swift; sourceTree = SOURCE_ROOT; };
		24B14C5A1F278CCE00C90490 /* IntroViewController.swift */ = {isa = PBXFileReference; fileEncoding = 4; lastKnownFileType = sourcecode.swift; name = IntroViewController.swift; path = FlexLayoutSample/UI/Examples/Intro/IntroViewController.swift; sourceTree = SOURCE_ROOT; };
		24DA374A1EF7F90600D1AB2F /* BaseFormView.swift */ = {isa = PBXFileReference; fileEncoding = 4; lastKnownFileType = sourcecode.swift; path = BaseFormView.swift; sourceTree = "<group>"; };
		24E654811E69041B00A72A8B /* Expect.swift */ = {isa = PBXFileReference; fileEncoding = 4; lastKnownFileType = sourcecode.swift; path = Expect.swift; sourceTree = "<group>"; };
		82FCE524E22C2FF5BC4DFBAB /* Pods_FlexLayoutSample.framework */ = {isa = PBXFileReference; explicitFileType = wrapper.framework; includeInIndex = 0; path = Pods_FlexLayoutSample.framework; sourceTree = BUILT_PRODUCTS_DIR; };
		8561ACDBCFFA1B4B9ABEAB16 /* Pods-FlexLayoutSample.debug.xcconfig */ = {isa = PBXFileReference; includeInIndex = 1; lastKnownFileType = text.xcconfig; name = "Pods-FlexLayoutSample.debug.xcconfig"; path = "../Pods/Target Support Files/Pods-FlexLayoutSample/Pods-FlexLayoutSample.debug.xcconfig"; sourceTree = "<group>"; };
		DF0E85291F1F749C00AB1956 /* YogaExampleBView.swift */ = {isa = PBXFileReference; fileEncoding = 4; lastKnownFileType = sourcecode.swift; name = YogaExampleBView.swift; path = FlexLayoutSample/UI/Examples/YogaExampleB/YogaExampleBView.swift; sourceTree = SOURCE_ROOT; };
		DF0E852A1F1F749C00AB1956 /* YogaExampleBViewController.swift */ = {isa = PBXFileReference; fileEncoding = 4; lastKnownFileType = sourcecode.swift; name = YogaExampleBViewController.swift; path = FlexLayoutSample/UI/Examples/YogaExampleB/YogaExampleBViewController.swift; sourceTree = SOURCE_ROOT; };
		DF1F2A221F17D11700BA1B97 /* FlexLayoutSample.app */ = {isa = PBXFileReference; explicitFileType = wrapper.application; includeInIndex = 0; path = FlexLayoutSample.app; sourceTree = BUILT_PRODUCTS_DIR; };
		DF91747D1F1F6F9A0034632D /* YogaExampleAView.swift */ = {isa = PBXFileReference; fileEncoding = 4; lastKnownFileType = sourcecode.swift; name = YogaExampleAView.swift; path = FlexLayoutSample/UI/Examples/YogaExampleA/YogaExampleAView.swift; sourceTree = SOURCE_ROOT; };
		DF91747E1F1F6F9A0034632D /* YogaExampleAViewController.swift */ = {isa = PBXFileReference; fileEncoding = 4; lastKnownFileType = sourcecode.swift; name = YogaExampleAViewController.swift; path = FlexLayoutSample/UI/Examples/YogaExampleA/YogaExampleAViewController.swift; sourceTree = SOURCE_ROOT; };
/* End PBXFileReference section */

/* Begin PBXFrameworksBuildPhase section */
		DF1F2A141F17D11700BA1B97 /* Frameworks */ = {
			isa = PBXFrameworksBuildPhase;
			buildActionMask = 2147483647;
			files = (
				2245F067A40DB6A13F97F202 /* Pods_FlexLayoutSample.framework in Frameworks */,
			);
			runOnlyForDeploymentPostprocessing = 0;
		};
/* End PBXFrameworksBuildPhase section */

/* Begin PBXGroup section */
		2439CC321E665BE3003326FB /* UI */ = {
			isa = PBXGroup;
			children = (
				2439CC5E1E665C71003326FB /* Common */,
				2439CC661E666128003326FB /* Main */,
				2439CC371E665C5E003326FB /* Examples */,
			);
			path = UI;
			sourceTree = "<group>";
		};
		2439CC371E665C5E003326FB /* Examples */ = {
			isa = PBXGroup;
			children = (
				24B14C581F278CB400C90490 /* Intro */,
				DF91747C1F1F6F8B0034632D /* YogaExampleA */,
				DF0E85281F1F742C00AB1956 /* YogaExampleB */,
				24CD0D121F1F8D1100D56FC3 /* YogaExampleC */,
				24CD0D171F1F8E3D00D56FC3 /* YogaExampleD */,
				24CD0D1C1F1F90AF00D56FC3 /* YogaExampleE */,
				2456B5B21EF8622500E62071 /* Flexbox */,
			);
			name = Examples;
			path = Tests;
			sourceTree = "<group>";
		};
		2439CC5E1E665C71003326FB /* Common */ = {
			isa = PBXGroup;
			children = (
				2493268B1EEEEFF100BCB814 /* BaseViewController.swift */,
				24DA374A1EF7F90600D1AB2F /* BaseFormView.swift */,
				2493268D1EEEF02700BCB814 /* BaseView.swift */,
				2439CC381E665C6B003326FB /* BasicView.swift */,
				249326881EEEEE3D00BCB814 /* Stylesheet.swift */,
			);
			path = Common;
			sourceTree = "<group>";
		};
		2439CC661E666128003326FB /* Main */ = {
			isa = PBXGroup;
			children = (
				2439CC331E665BF6003326FB /* MenuView.swift */,
				2439CC341E665BF6003326FB /* MenuViewController.swift */,
			);
			path = Main;
			sourceTree = "<group>";
		};
		2439CC671E66614D003326FB /* Supporting Files */ = {
			isa = PBXGroup;
			children = (
				249EFE491E64FAFE00165E39 /* Assets.xcassets */,
				249EFE4E1E64FAFE00165E39 /* Info.plist */,
				249EFE4B1E64FAFE00165E39 /* LaunchScreen.storyboard */,
			);
			path = "Supporting Files";
			sourceTree = "<group>";
		};
		2456B5B21EF8622500E62071 /* Flexbox */ = {
			isa = PBXGroup;
			children = (
				24875E6D1F1F92CD00BB1C09 /* FlexboxViewController.swift */,
				24875E6E1F1F92CD00BB1C09 /* MyTestView.swift */,
			);
			name = Flexbox;
			sourceTree = "<group>";
		};
		249EFE361E64FAFE00165E39 = {
			isa = PBXGroup;
			children = (
				249EFE411E64FAFE00165E39 /* FlexLayoutSample */,
				249EFE401E64FAFE00165E39 /* Products */,
				85CAAE97812075333AF3E88F /* Pods */,
				461884C59B72ACEAFC912B8A /* Frameworks */,
			);
			sourceTree = "<group>";
		};
		249EFE401E64FAFE00165E39 /* Products */ = {
			isa = PBXGroup;
			children = (
				DF1F2A221F17D11700BA1B97 /* FlexLayoutSample.app */,
			);
			name = Products;
			sourceTree = "<group>";
		};
		249EFE411E64FAFE00165E39 /* FlexLayoutSample */ = {
			isa = PBXGroup;
			children = (
				24E654801E69040000A72A8B /* Domain */,
				2439CC321E665BE3003326FB /* UI */,
				2439CC671E66614D003326FB /* Supporting Files */,
				249EFE421E64FAFE00165E39 /* AppDelegate.swift */,
			);
			path = FlexLayoutSample;
			sourceTree = "<group>";
		};
		24B14C581F278CB400C90490 /* Intro */ = {
			isa = PBXGroup;
			children = (
				24B14C591F278CCE00C90490 /* IntroView.swift */,
				24B14C5A1F278CCE00C90490 /* IntroViewController.swift */,
			);
			name = Intro;
			sourceTree = "<group>";
		};
		24CD0D121F1F8D1100D56FC3 /* YogaExampleC */ = {
			isa = PBXGroup;
			children = (
				24875E621F1F92A100BB1C09 /* YogaExampleCViewController.swift */,
				24875E601F1F929600BB1C09 /* YogaExampleCView.swift */,
			);
			name = YogaExampleC;
			sourceTree = "<group>";
		};
		24CD0D171F1F8E3D00D56FC3 /* YogaExampleD */ = {
			isa = PBXGroup;
			children = (
				24875E641F1F92B500BB1C09 /* YogaExampleDView.swift */,
				24875E651F1F92B500BB1C09 /* YogaExampleDViewController.swift */,
			);
			name = YogaExampleD;
			sourceTree = "<group>";
		};
		24CD0D1C1F1F90AF00D56FC3 /* YogaExampleE */ = {
			isa = PBXGroup;
			children = (
				24875E681F1F92C000BB1C09 /* YogaExampleEView.swift */,
				24875E691F1F92C000BB1C09 /* YogaExampleEViewController.swift */,
			);
			name = YogaExampleE;
			sourceTree = "<group>";
		};
		24E654801E69040000A72A8B /* Domain */ = {
			isa = PBXGroup;
			children = (
				24E654811E69041B00A72A8B /* Expect.swift */,
			);
			path = Domain;
			sourceTree = "<group>";
		};
		461884C59B72ACEAFC912B8A /* Frameworks */ = {
			isa = PBXGroup;
			children = (
				82FCE524E22C2FF5BC4DFBAB /* Pods_FlexLayoutSample.framework */,
			);
			name = Frameworks;
			sourceTree = "<group>";
		};
		85CAAE97812075333AF3E88F /* Pods */ = {
			isa = PBXGroup;
			children = (
				8561ACDBCFFA1B4B9ABEAB16 /* Pods-FlexLayoutSample.debug.xcconfig */,
				0D0595B5E0950936D037ECF2 /* Pods-FlexLayoutSample.release.xcconfig */,
			);
			name = Pods;
			sourceTree = "<group>";
		};
		DF0E85281F1F742C00AB1956 /* YogaExampleB */ = {
			isa = PBXGroup;
			children = (
				DF0E85291F1F749C00AB1956 /* YogaExampleBView.swift */,
				DF0E852A1F1F749C00AB1956 /* YogaExampleBViewController.swift */,
			);
			name = YogaExampleB;
			sourceTree = "<group>";
		};
		DF91747C1F1F6F8B0034632D /* YogaExampleA */ = {
			isa = PBXGroup;
			children = (
				DF91747D1F1F6F9A0034632D /* YogaExampleAView.swift */,
				DF91747E1F1F6F9A0034632D /* YogaExampleAViewController.swift */,
			);
			name = YogaExampleA;
			sourceTree = "<group>";
		};
/* End PBXGroup section */

/* Begin PBXNativeTarget section */
		DF1F2A051F17D11700BA1B97 /* FlexLayoutSample */ = {
			isa = PBXNativeTarget;
			buildConfigurationList = DF1F2A1F1F17D11700BA1B97 /* Build configuration list for PBXNativeTarget "FlexLayoutSample" */;
			buildPhases = (
				DF1F2A061F17D11700BA1B97 /* [CP] Check Pods Manifest.lock */,
				DF1F2A071F17D11700BA1B97 /* Sources */,
				DF1F2A141F17D11700BA1B97 /* Frameworks */,
				DF1F2A181F17D11700BA1B97 /* Resources */,
				DF1F2A1B1F17D11700BA1B97 /* Embed Frameworks */,
				DF1F2A1C1F17D11700BA1B97 /* [CP] Embed Pods Frameworks */,
				DF1F2A1D1F17D11700BA1B97 /* [CP] Copy Pods Resources */,
				DF1F2A1E1F17D11700BA1B97 /* Run Swiftlint */,
			);
			buildRules = (
			);
			dependencies = (
			);
			name = FlexLayoutSample;
			productName = PinLayoutSample;
			productReference = DF1F2A221F17D11700BA1B97 /* FlexLayoutSample.app */;
			productType = "com.apple.product-type.application";
		};
/* End PBXNativeTarget section */

/* Begin PBXProject section */
		249EFE371E64FAFE00165E39 /* Project object */ = {
			isa = PBXProject;
			attributes = {
				LastSwiftUpdateCheck = 0830;
				LastUpgradeCheck = 0820;
				ORGANIZATIONNAME = Mirego;
			};
			buildConfigurationList = 249EFE3A1E64FAFE00165E39 /* Build configuration list for PBXProject "FlexLayoutSample" */;
			compatibilityVersion = "Xcode 3.2";
			developmentRegion = English;
			hasScannedForEncodings = 0;
			knownRegions = (
				en,
				Base,
			);
			mainGroup = 249EFE361E64FAFE00165E39;
			productRefGroup = 249EFE401E64FAFE00165E39 /* Products */;
			projectDirPath = "";
			projectRoot = "";
			targets = (
				DF1F2A051F17D11700BA1B97 /* FlexLayoutSample */,
			);
		};
/* End PBXProject section */

/* Begin PBXResourcesBuildPhase section */
		DF1F2A181F17D11700BA1B97 /* Resources */ = {
			isa = PBXResourcesBuildPhase;
			buildActionMask = 2147483647;
			files = (
				DF1F2A191F17D11700BA1B97 /* LaunchScreen.storyboard in Resources */,
				DF1F2A1A1F17D11700BA1B97 /* Assets.xcassets in Resources */,
			);
			runOnlyForDeploymentPostprocessing = 0;
		};
/* End PBXResourcesBuildPhase section */

/* Begin PBXShellScriptBuildPhase section */
		DF1F2A061F17D11700BA1B97 /* [CP] Check Pods Manifest.lock */ = {
			isa = PBXShellScriptBuildPhase;
			buildActionMask = 2147483647;
			files = (
			);
			inputPaths = (
				"${PODS_PODFILE_DIR_PATH}/Podfile.lock",
				"${PODS_ROOT}/Manifest.lock",
			);
			name = "[CP] Check Pods Manifest.lock";
			outputPaths = (
				"$(DERIVED_FILE_DIR)/Pods-FlexLayoutSample-checkManifestLockResult.txt",
			);
			runOnlyForDeploymentPostprocessing = 0;
			shellPath = /bin/sh;
			shellScript = "diff \"${PODS_PODFILE_DIR_PATH}/Podfile.lock\" \"${PODS_ROOT}/Manifest.lock\" > /dev/null\nif [ $? != 0 ] ; then\n    # print error to STDERR\n    echo \"error: The sandbox is not in sync with the Podfile.lock. Run 'pod install' or update your CocoaPods installation.\" >&2\n    exit 1\nfi\n";
			showEnvVarsInLog = 0;
		};
		DF1F2A1C1F17D11700BA1B97 /* [CP] Embed Pods Frameworks */ = {
			isa = PBXShellScriptBuildPhase;
			buildActionMask = 2147483647;
			files = (
			);
			inputPaths = (
				"${SRCROOT}/../Pods/Target Support Files/Pods-FlexLayoutSample/Pods-FlexLayoutSample-frameworks.sh",
				"${BUILT_PRODUCTS_DIR}/Yoga-iOS10.0/yoga.framework",
				"${BUILT_PRODUCTS_DIR}/YogaKit-iOS10.0/YogaKit.framework",
				"${BUILT_PRODUCTS_DIR}/FlexLayout-iOS10.0/FlexLayout.framework",
				"${BUILT_PRODUCTS_DIR}/PinLayout/PinLayout.framework",
				"${PODS_ROOT}/Reveal-SDK/RevealServer-10/iOS/RevealServer.framework",
			);
			name = "[CP] Embed Pods Frameworks";
			outputPaths = (
				"${TARGET_BUILD_DIR}/${FRAMEWORKS_FOLDER_PATH}/yoga.framework",
				"${TARGET_BUILD_DIR}/${FRAMEWORKS_FOLDER_PATH}/YogaKit.framework",
				"${TARGET_BUILD_DIR}/${FRAMEWORKS_FOLDER_PATH}/FlexLayout.framework",
				"${TARGET_BUILD_DIR}/${FRAMEWORKS_FOLDER_PATH}/PinLayout.framework",
				"${TARGET_BUILD_DIR}/${FRAMEWORKS_FOLDER_PATH}/RevealServer.framework",
			);
			runOnlyForDeploymentPostprocessing = 0;
			shellPath = /bin/sh;
			shellScript = "\"${SRCROOT}/../Pods/Target Support Files/Pods-FlexLayoutSample/Pods-FlexLayoutSample-frameworks.sh\"\n";
			showEnvVarsInLog = 0;
		};
		DF1F2A1D1F17D11700BA1B97 /* [CP] Copy Pods Resources */ = {
			isa = PBXShellScriptBuildPhase;
			buildActionMask = 2147483647;
			files = (
			);
			inputPaths = (
			);
			name = "[CP] Copy Pods Resources";
			outputPaths = (
			);
			runOnlyForDeploymentPostprocessing = 0;
			shellPath = /bin/sh;
			shellScript = "\"${SRCROOT}/../Pods/Target Support Files/Pods-FlexLayoutSample/Pods-FlexLayoutSample-resources.sh\"\n";
			showEnvVarsInLog = 0;
		};
		DF1F2A1E1F17D11700BA1B97 /* Run Swiftlint */ = {
			isa = PBXShellScriptBuildPhase;
			buildActionMask = 2147483647;
			files = (
			);
			inputPaths = (
			);
			name = "Run Swiftlint";
			outputPaths = (
			);
			runOnlyForDeploymentPostprocessing = 0;
			shellPath = /bin/sh;
			shellScript = ../Pods/SwiftLint/swiftlint;
		};
/* End PBXShellScriptBuildPhase section */

/* Begin PBXSourcesBuildPhase section */
		DF1F2A071F17D11700BA1B97 /* Sources */ = {
			isa = PBXSourcesBuildPhase;
			buildActionMask = 2147483647;
			files = (
				DF0E852C1F1F749C00AB1956 /* YogaExampleBViewController.swift in Sources */,
				DF1F2A081F17D11700BA1B97 /* BaseFormView.swift in Sources */,
				24875E711F1F92CD00BB1C09 /* MyTestView.swift in Sources */,
				DF1F2A091F17D11700BA1B97 /* MenuView.swift in Sources */,
				DF1F2A0A1F17D11700BA1B97 /* BaseViewController.swift in Sources */,
				DF91747F1F1F6F9A0034632D /* YogaExampleAView.swift in Sources */,
				DF1F2A0C1F17D11700BA1B97 /* BasicView.swift in Sources */,
				DF0E852B1F1F749C00AB1956 /* YogaExampleBView.swift in Sources */,
				DF9174801F1F6F9A0034632D /* YogaExampleAViewController.swift in Sources */,
				24875E611F1F929600BB1C09 /* YogaExampleCView.swift in Sources */,
				DF1F2A0E1F17D11700BA1B97 /* AppDelegate.swift in Sources */,
				DF1F2A0F1F17D11700BA1B97 /* MenuViewController.swift in Sources */,
				24875E6A1F1F92C000BB1C09 /* YogaExampleEView.swift in Sources */,
				24875E671F1F92B500BB1C09 /* YogaExampleDViewController.swift in Sources */,
				24B14C5C1F278CCE00C90490 /* IntroViewController.swift in Sources */,
				24875E701F1F92CD00BB1C09 /* FlexboxViewController.swift in Sources */,
				24875E6B1F1F92C000BB1C09 /* YogaExampleEViewController.swift in Sources */,
				24875E661F1F92B500BB1C09 /* YogaExampleDView.swift in Sources */,
				24875E631F1F92A100BB1C09 /* YogaExampleCViewController.swift in Sources */,
				24B14C5B1F278CCE00C90490 /* IntroView.swift in Sources */,
				DF1F2A101F17D11700BA1B97 /* Expect.swift in Sources */,
				DF1F2A111F17D11700BA1B97 /* Stylesheet.swift in Sources */,
				DF1F2A131F17D11700BA1B97 /* BaseView.swift in Sources */,
			);
			runOnlyForDeploymentPostprocessing = 0;
		};
/* End PBXSourcesBuildPhase section */

/* Begin PBXVariantGroup section */
		249EFE4B1E64FAFE00165E39 /* LaunchScreen.storyboard */ = {
			isa = PBXVariantGroup;
			children = (
				249EFE4C1E64FAFE00165E39 /* Base */,
			);
			name = LaunchScreen.storyboard;
			path = .;
			sourceTree = "<group>";
		};
/* End PBXVariantGroup section */

/* Begin XCBuildConfiguration section */
		249EFE651E64FAFE00165E39 /* Debug */ = {
			isa = XCBuildConfiguration;
			buildSettings = {
				ALWAYS_SEARCH_USER_PATHS = NO;
				CLANG_ANALYZER_NONNULL = YES;
				CLANG_CXX_LANGUAGE_STANDARD = "gnu++0x";
				CLANG_CXX_LIBRARY = "libc++";
				CLANG_ENABLE_MODULES = YES;
				CLANG_ENABLE_OBJC_ARC = YES;
				CLANG_WARN_BOOL_CONVERSION = YES;
				CLANG_WARN_CONSTANT_CONVERSION = YES;
				CLANG_WARN_DIRECT_OBJC_ISA_USAGE = YES_ERROR;
				CLANG_WARN_DOCUMENTATION_COMMENTS = YES;
				CLANG_WARN_EMPTY_BODY = YES;
				CLANG_WARN_ENUM_CONVERSION = YES;
				CLANG_WARN_INFINITE_RECURSION = YES;
				CLANG_WARN_INT_CONVERSION = YES;
				CLANG_WARN_OBJC_ROOT_CLASS = YES_ERROR;
				CLANG_WARN_SUSPICIOUS_MOVE = YES;
				CLANG_WARN_UNREACHABLE_CODE = YES;
				CLANG_WARN__DUPLICATE_METHOD_MATCH = YES;
				"CODE_SIGN_IDENTITY[sdk=iphoneos*]" = "iPhone Developer";
				COPY_PHASE_STRIP = NO;
				DEBUG_INFORMATION_FORMAT = dwarf;
				ENABLE_STRICT_OBJC_MSGSEND = YES;
				ENABLE_TESTABILITY = YES;
				GCC_C_LANGUAGE_STANDARD = gnu99;
				GCC_DYNAMIC_NO_PIC = NO;
				GCC_NO_COMMON_BLOCKS = YES;
				GCC_OPTIMIZATION_LEVEL = 0;
				GCC_PREPROCESSOR_DEFINITIONS = (
					"DEBUG=1",
					"$(inherited)",
				);
				GCC_WARN_64_TO_32_BIT_CONVERSION = YES;
				GCC_WARN_ABOUT_RETURN_TYPE = YES_ERROR;
				GCC_WARN_UNDECLARED_SELECTOR = YES;
				GCC_WARN_UNINITIALIZED_AUTOS = YES_AGGRESSIVE;
				GCC_WARN_UNUSED_FUNCTION = YES;
				GCC_WARN_UNUSED_VARIABLE = YES;
				IPHONEOS_DEPLOYMENT_TARGET = 10.0;
				MTL_ENABLE_DEBUG_INFO = YES;
				ONLY_ACTIVE_ARCH = YES;
				SDKROOT = iphoneos;
				SWIFT_ACTIVE_COMPILATION_CONDITIONS = DEBUG;
				SWIFT_OPTIMIZATION_LEVEL = "-Onone";
				TARGETED_DEVICE_FAMILY = "1,2";
			};
			name = Debug;
		};
		249EFE661E64FAFE00165E39 /* Release */ = {
			isa = XCBuildConfiguration;
			buildSettings = {
				ALWAYS_SEARCH_USER_PATHS = NO;
				CLANG_ANALYZER_NONNULL = YES;
				CLANG_CXX_LANGUAGE_STANDARD = "gnu++0x";
				CLANG_CXX_LIBRARY = "libc++";
				CLANG_ENABLE_MODULES = YES;
				CLANG_ENABLE_OBJC_ARC = YES;
				CLANG_WARN_BOOL_CONVERSION = YES;
				CLANG_WARN_CONSTANT_CONVERSION = YES;
				CLANG_WARN_DIRECT_OBJC_ISA_USAGE = YES_ERROR;
				CLANG_WARN_DOCUMENTATION_COMMENTS = YES;
				CLANG_WARN_EMPTY_BODY = YES;
				CLANG_WARN_ENUM_CONVERSION = YES;
				CLANG_WARN_INFINITE_RECURSION = YES;
				CLANG_WARN_INT_CONVERSION = YES;
				CLANG_WARN_OBJC_ROOT_CLASS = YES_ERROR;
				CLANG_WARN_SUSPICIOUS_MOVE = YES;
				CLANG_WARN_UNREACHABLE_CODE = YES;
				CLANG_WARN__DUPLICATE_METHOD_MATCH = YES;
				"CODE_SIGN_IDENTITY[sdk=iphoneos*]" = "iPhone Developer";
				COPY_PHASE_STRIP = NO;
				DEBUG_INFORMATION_FORMAT = "dwarf-with-dsym";
				ENABLE_NS_ASSERTIONS = NO;
				ENABLE_STRICT_OBJC_MSGSEND = YES;
				GCC_C_LANGUAGE_STANDARD = gnu99;
				GCC_NO_COMMON_BLOCKS = YES;
				GCC_WARN_64_TO_32_BIT_CONVERSION = YES;
				GCC_WARN_ABOUT_RETURN_TYPE = YES_ERROR;
				GCC_WARN_UNDECLARED_SELECTOR = YES;
				GCC_WARN_UNINITIALIZED_AUTOS = YES_AGGRESSIVE;
				GCC_WARN_UNUSED_FUNCTION = YES;
				GCC_WARN_UNUSED_VARIABLE = YES;
				IPHONEOS_DEPLOYMENT_TARGET = 10.0;
				MTL_ENABLE_DEBUG_INFO = NO;
				SDKROOT = iphoneos;
				SWIFT_OPTIMIZATION_LEVEL = "-Owholemodule";
				TARGETED_DEVICE_FAMILY = "1,2";
				VALIDATE_PRODUCT = YES;
			};
			name = Release;
		};
		DF1F2A201F17D11700BA1B97 /* Debug */ = {
			isa = XCBuildConfiguration;
			baseConfigurationReference = 8561ACDBCFFA1B4B9ABEAB16 /* Pods-FlexLayoutSample.debug.xcconfig */;
			buildSettings = {
				ALWAYS_EMBED_SWIFT_STANDARD_LIBRARIES = YES;
				ASSETCATALOG_COMPILER_APPICON_NAME = AppIcon;
				INFOPLIST_FILE = "FlexLayoutSample/Supporting Files/Info.plist";
				LD_RUNPATH_SEARCH_PATHS = "$(inherited) @executable_path/Frameworks";
				PRODUCT_BUNDLE_IDENTIFIER = com.lucdion.FlexLayoutSample;
				PRODUCT_NAME = "$(TARGET_NAME)";
				SWIFT_VERSION = 3.0;
			};
			name = Debug;
		};
		DF1F2A211F17D11700BA1B97 /* Release */ = {
			isa = XCBuildConfiguration;
			baseConfigurationReference = 0D0595B5E0950936D037ECF2 /* Pods-FlexLayoutSample.release.xcconfig */;
			buildSettings = {
				ALWAYS_EMBED_SWIFT_STANDARD_LIBRARIES = YES;
				ASSETCATALOG_COMPILER_APPICON_NAME = AppIcon;
				INFOPLIST_FILE = "FlexLayoutSample/Supporting Files/Info.plist";
				LD_RUNPATH_SEARCH_PATHS = "$(inherited) @executable_path/Frameworks";
				PRODUCT_BUNDLE_IDENTIFIER = com.lucdion.FlexLayoutSample;
				PRODUCT_NAME = "$(TARGET_NAME)";
				SWIFT_VERSION = 3.0;
			};
			name = Release;
		};
/* End XCBuildConfiguration section */

/* Begin XCConfigurationList section */
		249EFE3A1E64FAFE00165E39 /* Build configuration list for PBXProject "FlexLayoutSample" */ = {
			isa = XCConfigurationList;
			buildConfigurations = (
				249EFE651E64FAFE00165E39 /* Debug */,
				249EFE661E64FAFE00165E39 /* Release */,
			);
			defaultConfigurationIsVisible = 0;
			defaultConfigurationName = Release;
		};
		DF1F2A1F1F17D11700BA1B97 /* Build configuration list for PBXNativeTarget "FlexLayoutSample" */ = {
			isa = XCConfigurationList;
			buildConfigurations = (
				DF1F2A201F17D11700BA1B97 /* Debug */,
				DF1F2A211F17D11700BA1B97 /* Release */,
			);
			defaultConfigurationIsVisible = 0;
			defaultConfigurationName = Release;
		};
/* End XCConfigurationList section */
	};
	rootObject = 249EFE371E64FAFE00165E39 /* Project object */;
}
