PODS:
  - FlexLayout (2.0.02)
  - PinLayout (1.10.4)
  - SwiftLint (0.53.0)

DEPENDENCIES:
  - FlexLayout (from `../..`)
  - PinLayout
  - SwiftLint

SPEC REPOS:
  trunk:
    - PinLayout
    - SwiftLint

EXTERNAL SOURCES:
  FlexLayout:
    :path: "../.."

SPEC CHECKSUMS:
  FlexLayout: bd1d1738d67a455205e14c42492fe5450e3c1554
  PinLayout: f8a677ce0cd1cfe96b58435d029b4ceb4ce9c04c
  SwiftLint: 5ce4d6a8ff83f1b5fd5ad5dbf30965d35af65e44

PODFILE CHECKSUM: acd6f8f55e169593da8f5d86c0f788512ba67886

COCOAPODS: 1.14.2
