PODS:
  - FlexLayout (2.0.02)
  - PinLayout (1.10.5)
  - SwiftLint (0.54.0)

DEPENDENCIES:
  - FlexLayout (from `../..`)
  - PinLayout
  - SwiftLint

SPEC REPOS:
  trunk:
    - PinLayout
    - SwiftLint

EXTERNAL SOURCES:
  FlexLayout:
    :path: "../.."

SPEC CHECKSUMS:
  FlexLayout: 21c38713c7294121c3bb20724ccb9789a8ef3585
  PinLayout: f6c2b63a5a5b24864064e1d15c67de41b4e74748
  SwiftLint: c1de071d9d08c8aba837545f6254315bc900e211

PODFILE CHECKSUM: acd6f8f55e169593da8f5d86c0f788512ba67886

COCOAPODS: 1.14.2
